
Microsoft Visual Studio Solution File, Format Version 12.00
# Visual Studio Version 16
VisualStudioVersion = 16.0.28803.452
MinimumVisualStudioVersion = 10.0.40219.1
Project("{FAE04EC0-301F-11D3-BF4B-00C04F79EFBC}") = "TrabajoFinalCsharp", "TrabajoFinalCsharp\TrabajoFinalCsharp.csproj", "{E4E51E9A-9188-4B04-924C-4993A7567F4B}"
EndProject
Project("{2150E333-8FDC-42A3-9474-1A3956D46DE8}") = "02-Negocio", "02-Negocio", "{3D5C92C3-D8BB-4541-923A-E336524D90CF}"
EndProject
Project("{2150E333-8FDC-42A3-9474-1A3956D46DE8}") = "01-Presentacion", "01-Presentacion", "{7A0BECF1-CE8B-44B2-A579-7FD4F6004F2B}"
EndProject
Project("{2150E333-8FDC-42A3-9474-1A3956D46DE8}") = "03-Entidad", "03-Entidad", "{6EDAE85C-5B80-4AD8-8339-B63E5E955961}"
EndProject
Project("{FAE04EC0-301F-11D3-BF4B-00C04F79EFBC}") = "Entity", "entity\Entity.csproj", "{B6B0F381-1C18-4930-B588-44596E1E0267}"
	ProjectSection(ProjectDependencies) = postProject
		{D0374551-2500-4CB9-9519-462768A220EA} = {D0374551-2500-4CB9-9519-462768A220EA}
		{3504D89A-ACB7-4F0C-92AC-5F4E7B8F5814} = {3504D89A-ACB7-4F0C-92AC-5F4E7B8F5814}
	EndProjectSection
EndProject
Project("{FAE04EC0-301F-11D3-BF4B-00C04F79EFBC}") = "Bussines", "Bussines\Bussines.csproj", "{CB2E2EBE-DA34-431B-998C-74E1383D05B6}"
	ProjectSection(ProjectDependencies) = postProject
		{D0374551-2500-4CB9-9519-462768A220EA} = {D0374551-2500-4CB9-9519-462768A220EA}
		{B6B0F381-1C18-4930-B588-44596E1E0267} = {B6B0F381-1C18-4930-B588-44596E1E0267}
		{3504D89A-ACB7-4F0C-92AC-5F4E7B8F5814} = {3504D89A-ACB7-4F0C-92AC-5F4E7B8F5814}
	EndProjectSection
EndProject
Project("{2150E333-8FDC-42A3-9474-1A3956D46DE8}") = "DAO", "DAO", "{B88A366C-C395-45DC-AE0F-F9E78E6E2F8C}"
EndProject
Project("{2150E333-8FDC-42A3-9474-1A3956D46DE8}") = "EFModel", "EFModel", "{AA38559E-D3D0-42B8-AC9F-5BAA6E892909}"
EndProject
Project("{FAE04EC0-301F-11D3-BF4B-00C04F79EFBC}") = "FacturacionEF", "FacturacionEF\FacturacionEF.csproj", "{D0374551-2500-4CB9-9519-462768A220EA}"
EndProject
Project("{FAE04EC0-301F-11D3-BF4B-00C04F79EFBC}") = "FacturacionDAO", "FacturacionDAO\FacturacionDAO.csproj", "{3504D89A-ACB7-4F0C-92AC-5F4E7B8F5814}"
	ProjectSection(ProjectDependencies) = postProject
		{D0374551-2500-4CB9-9519-462768A220EA} = {D0374551-2500-4CB9-9519-462768A220EA}
	EndProjectSection
EndProject
Project("{2150E333-8FDC-42A3-9474-1A3956D46DE8}") = "04-Datos", "04-Datos", "{A42823C8-8F5A-4A6B-A0D1-8E4854CB462F}"
EndProject
Global
	GlobalSection(SolutionConfigurationPlatforms) = preSolution
		Debug|Any CPU = Debug|Any CPU
		Release|Any CPU = Release|Any CPU
	EndGlobalSection
	GlobalSection(ProjectConfigurationPlatforms) = postSolution
		{E4E51E9A-9188-4B04-924C-4993A7567F4B}.Debug|Any CPU.ActiveCfg = Debug|Any CPU
		{E4E51E9A-9188-4B04-924C-4993A7567F4B}.Debug|Any CPU.Build.0 = Debug|Any CPU
		{E4E51E9A-9188-4B04-924C-4993A7567F4B}.Release|Any CPU.ActiveCfg = Release|Any CPU
		{E4E51E9A-9188-4B04-924C-4993A7567F4B}.Release|Any CPU.Build.0 = Release|Any CPU
		{B6B0F381-1C18-4930-B588-44596E1E0267}.Debug|Any CPU.ActiveCfg = Debug|Any CPU
		{B6B0F381-1C18-4930-B588-44596E1E0267}.Debug|Any CPU.Build.0 = Debug|Any CPU
		{B6B0F381-1C18-4930-B588-44596E1E0267}.Release|Any CPU.ActiveCfg = Release|Any CPU
		{B6B0F381-1C18-4930-B588-44596E1E0267}.Release|Any CPU.Build.0 = Release|Any CPU
		{CB2E2EBE-DA34-431B-998C-74E1383D05B6}.Debug|Any CPU.ActiveCfg = Debug|Any CPU
		{CB2E2EBE-DA34-431B-998C-74E1383D05B6}.Debug|Any CPU.Build.0 = Debug|Any CPU
		{CB2E2EBE-DA34-431B-998C-74E1383D05B6}.Release|Any CPU.ActiveCfg = Release|Any CPU
		{CB2E2EBE-DA34-431B-998C-74E1383D05B6}.Release|Any CPU.Build.0 = Release|Any CPU
		{D0374551-2500-4CB9-9519-462768A220EA}.Debug|Any CPU.ActiveCfg = Debug|Any CPU
		{D0374551-2500-4CB9-9519-462768A220EA}.Debug|Any CPU.Build.0 = Debug|Any CPU
		{D0374551-2500-4CB9-9519-462768A220EA}.Release|Any CPU.ActiveCfg = Release|Any CPU
		{D0374551-2500-4CB9-9519-462768A220EA}.Release|Any CPU.Build.0 = Release|Any CPU
		{3504D89A-ACB7-4F0C-92AC-5F4E7B8F5814}.Debug|Any CPU.ActiveCfg = Debug|Any CPU
		{3504D89A-ACB7-4F0C-92AC-5F4E7B8F5814}.Debug|Any CPU.Build.0 = Debug|Any CPU
		{3504D89A-ACB7-4F0C-92AC-5F4E7B8F5814}.Release|Any CPU.ActiveCfg = Release|Any CPU
		{3504D89A-ACB7-4F0C-92AC-5F4E7B8F5814}.Release|Any CPU.Build.0 = Release|Any CPU
	EndGlobalSection
	GlobalSection(SolutionProperties) = preSolution
		HideSolutionNode = FALSE
	EndGlobalSection
	GlobalSection(NestedProjects) = preSolution
		{E4E51E9A-9188-4B04-924C-4993A7567F4B} = {7A0BECF1-CE8B-44B2-A579-7FD4F6004F2B}
		{B6B0F381-1C18-4930-B588-44596E1E0267} = {6EDAE85C-5B80-4AD8-8339-B63E5E955961}
		{CB2E2EBE-DA34-431B-998C-74E1383D05B6} = {3D5C92C3-D8BB-4541-923A-E336524D90CF}
		{B88A366C-C395-45DC-AE0F-F9E78E6E2F8C} = {A42823C8-8F5A-4A6B-A0D1-8E4854CB462F}
		{AA38559E-D3D0-42B8-AC9F-5BAA6E892909} = {A42823C8-8F5A-4A6B-A0D1-8E4854CB462F}
		{D0374551-2500-4CB9-9519-462768A220EA} = {AA38559E-D3D0-42B8-AC9F-5BAA6E892909}
		{3504D89A-ACB7-4F0C-92AC-5F4E7B8F5814} = {B88A366C-C395-45DC-AE0F-F9E78E6E2F8C}
	EndGlobalSection
	GlobalSection(ExtensibilityGlobals) = postSolution
		SolutionGuid = {302C7491-141E-4018-A22C-707E111565E0}
	EndGlobalSection
EndGlobal
